
Microsoft Visual Studio Solution File, Format Version 12.00
# Visual Studio Version 17
VisualStudioVersion = 17.0.32014.148
MinimumVisualStudioVersion = 10.0.40219.1
Project("{FAE04EC0-301F-11D3-BF4B-00C04F79EFBC}") = "okLogin.Android", "okLogin\okLogin.Android\okLogin.Android.csproj", "{1C038EF5-48A9-4840-9925-BA0B078FFADC}"
EndProject
Project("{FAE04EC0-301F-11D3-BF4B-00C04F79EFBC}") = "okLogin.iOS", "okLogin\okLogin.iOS\okLogin.iOS.csproj", "{2E25DD82-AE44-4D0F-AE39-37ECA6B528A5}"
EndProject
Project("{FAE04EC0-301F-11D3-BF4B-00C04F79EFBC}") = "okLogin", "okLogin\okLogin\okLogin.csproj", "{65601496-1ABD-441B-8A99-1253F792479A}"
EndProject
Global
	GlobalSection(SolutionConfigurationPlatforms) = preSolution
		Debug|Any CPU = Debug|Any CPU
		Debug|iPhone = Debug|iPhone
		Debug|iPhoneSimulator = Debug|iPhoneSimulator
		Release|Any CPU = Release|Any CPU
		Release|iPhone = Release|iPhone
		Release|iPhoneSimulator = Release|iPhoneSimulator
	EndGlobalSection
	GlobalSection(ProjectConfigurationPlatforms) = postSolution
		{1C038EF5-48A9-4840-9925-BA0B078FFADC}.Debug|Any CPU.ActiveCfg = Debug|Any CPU
		{1C038EF5-48A9-4840-9925-BA0B078FFADC}.Debug|Any CPU.Build.0 = Debug|Any CPU
		{1C038EF5-48A9-4840-9925-BA0B078FFADC}.Debug|Any CPU.Deploy.0 = Debug|Any CPU
		{1C038EF5-48A9-4840-9925-BA0B078FFADC}.Debug|iPhone.ActiveCfg = Debug|Any CPU
		{1C038EF5-48A9-4840-9925-BA0B078FFADC}.Debug|iPhone.Build.0 = Debug|Any CPU
		{1C038EF5-48A9-4840-9925-BA0B078FFADC}.Debug|iPhone.Deploy.0 = Debug|Any CPU
		{1C038EF5-48A9-4840-9925-BA0B078FFADC}.Debug|iPhoneSimulator.ActiveCfg = Debug|Any CPU
		{1C038EF5-48A9-4840-9925-BA0B078FFADC}.Debug|iPhoneSimulator.Build.0 = Debug|Any CPU
		{1C038EF5-48A9-4840-9925-BA0B078FFADC}.Debug|iPhoneSimulator.Deploy.0 = Debug|Any CPU
		{1C038EF5-48A9-4840-9925-BA0B078FFADC}.Release|Any CPU.ActiveCfg = Release|Any CPU
		{1C038EF5-48A9-4840-9925-BA0B078FFADC}.Release|Any CPU.Build.0 = Release|Any CPU
		{1C038EF5-48A9-4840-9925-BA0B078FFADC}.Release|Any CPU.Deploy.0 = Release|Any CPU
		{1C038EF5-48A9-4840-9925-BA0B078FFADC}.Release|iPhone.ActiveCfg = Release|Any CPU
		{1C038EF5-48A9-4840-9925-BA0B078FFADC}.Release|iPhone.Build.0 = Release|Any CPU
		{1C038EF5-48A9-4840-9925-BA0B078FFADC}.Release|iPhone.Deploy.0 = Release|Any CPU
		{1C038EF5-48A9-4840-9925-BA0B078FFADC}.Release|iPhoneSimulator.ActiveCfg = Release|Any CPU
		{1C038EF5-48A9-4840-9925-BA0B078FFADC}.Release|iPhoneSimulator.Build.0 = Release|Any CPU
		{1C038EF5-48A9-4840-9925-BA0B078FFADC}.Release|iPhoneSimulator.Deploy.0 = Release|Any CPU
		{2E25DD82-AE44-4D0F-AE39-37ECA6B528A5}.Debug|Any CPU.ActiveCfg = Debug|iPhone
		{2E25DD82-AE44-4D0F-AE39-37ECA6B528A5}.Debug|Any CPU.Build.0 = Debug|iPhone
		{2E25DD82-AE44-4D0F-AE39-37ECA6B528A5}.Debug|Any CPU.Deploy.0 = Debug|iPhone
		{2E25DD82-AE44-4D0F-AE39-37ECA6B528A5}.Debug|iPhone.ActiveCfg = Debug|iPhone
		{2E25DD82-AE44-4D0F-AE39-37ECA6B528A5}.Debug|iPhone.Build.0 = Debug|iPhone
		{2E25DD82-AE44-4D0F-AE39-37ECA6B528A5}.Debug|iPhone.Deploy.0 = Debug|iPhone
		{2E25DD82-AE44-4D0F-AE39-37ECA6B528A5}.Debug|iPhoneSimulator.ActiveCfg = Debug|iPhoneSimulator
		{2E25DD82-AE44-4D0F-AE39-37ECA6B528A5}.Debug|iPhoneSimulator.Build.0 = Debug|iPhoneSimulator
		{2E25DD82-AE44-4D0F-AE39-37ECA6B528A5}.Debug|iPhoneSimulator.Deploy.0 = Debug|iPhoneSimulator
		{2E25DD82-AE44-4D0F-AE39-37ECA6B528A5}.Release|Any CPU.ActiveCfg = Release|iPhoneSimulator
		{2E25DD82-AE44-4D0F-AE39-37ECA6B528A5}.Release|Any CPU.Build.0 = Release|iPhoneSimulator
		{2E25DD82-AE44-4D0F-AE39-37ECA6B528A5}.Release|Any CPU.Deploy.0 = Release|iPhoneSimulator
		{2E25DD82-AE44-4D0F-AE39-37ECA6B528A5}.Release|iPhone.ActiveCfg = Release|iPhone
		{2E25DD82-AE44-4D0F-AE39-37ECA6B528A5}.Release|iPhone.Build.0 = Release|iPhone
		{2E25DD82-AE44-4D0F-AE39-37ECA6B528A5}.Release|iPhone.Deploy.0 = Release|iPhone
		{2E25DD82-AE44-4D0F-AE39-37ECA6B528A5}.Release|iPhoneSimulator.ActiveCfg = Release|iPhoneSimulator
		{2E25DD82-AE44-4D0F-AE39-37ECA6B528A5}.Release|iPhoneSimulator.Build.0 = Release|iPhoneSimulator
		{2E25DD82-AE44-4D0F-AE39-37ECA6B528A5}.Release|iPhoneSimulator.Deploy.0 = Release|iPhoneSimulator
		{65601496-1ABD-441B-8A99-1253F792479A}.Debug|Any CPU.ActiveCfg = Debug|Any CPU
		{65601496-1ABD-441B-8A99-1253F792479A}.Debug|Any CPU.Build.0 = Debug|Any CPU
		{65601496-1ABD-441B-8A99-1253F792479A}.Debug|Any CPU.Deploy.0 = Debug|Any CPU
		{65601496-1ABD-441B-8A99-1253F792479A}.Debug|iPhone.ActiveCfg = Debug|Any CPU
		{65601496-1ABD-441B-8A99-1253F792479A}.Debug|iPhone.Build.0 = Debug|Any CPU
		{65601496-1ABD-441B-8A99-1253F792479A}.Debug|iPhone.Deploy.0 = Debug|Any CPU
		{65601496-1ABD-441B-8A99-1253F792479A}.Debug|iPhoneSimulator.ActiveCfg = Debug|Any CPU
		{65601496-1ABD-441B-8A99-1253F792479A}.Debug|iPhoneSimulator.Build.0 = Debug|Any CPU
		{65601496-1ABD-441B-8A99-1253F792479A}.Debug|iPhoneSimulator.Deploy.0 = Debug|Any CPU
		{65601496-1ABD-441B-8A99-1253F792479A}.Release|Any CPU.ActiveCfg = Release|Any CPU
		{65601496-1ABD-441B-8A99-1253F792479A}.Release|Any CPU.Build.0 = Release|Any CPU
		{65601496-1ABD-441B-8A99-1253F792479A}.Release|Any CPU.Deploy.0 = Release|Any CPU
		{65601496-1ABD-441B-8A99-1253F792479A}.Release|iPhone.ActiveCfg = Release|Any CPU
		{65601496-1ABD-441B-8A99-1253F792479A}.Release|iPhone.Build.0 = Release|Any CPU
		{65601496-1ABD-441B-8A99-1253F792479A}.Release|iPhone.Deploy.0 = Release|Any CPU
		{65601496-1ABD-441B-8A99-1253F792479A}.Release|iPhoneSimulator.ActiveCfg = Release|Any CPU
		{65601496-1ABD-441B-8A99-1253F792479A}.Release|iPhoneSimulator.Build.0 = Release|Any CPU
		{65601496-1ABD-441B-8A99-1253F792479A}.Release|iPhoneSimulator.Deploy.0 = Release|Any CPU
	EndGlobalSection
	GlobalSection(SolutionProperties) = preSolution
		HideSolutionNode = FALSE
	EndGlobalSection
	GlobalSection(ExtensibilityGlobals) = postSolution
		SolutionGuid = {92406999-9820-4345-8E67-734C7E5BDE3F}
	EndGlobalSection
EndGlobal
